{
  "name": "@molcrafts/molvis-plugin-template",
  "version": "0.1.0",
  "lockfileVersion": 3,
  "requires": true,
  "packages": {
    "": {
      "name": "@molcrafts/molvis-plugin-template",
      "version": "0.1.0",
      "license": "BSD-3-Clause",
      "devDependencies": {
        "@molcrafts/molrs": "^0.9.3",
        "@molcrafts/molvis-core": "^0.1.1",
        "@rsbuild/core": "^2.0.0",
        "@types/react": "^19.0.0",
        "@types/react-dom": "^19.0.0",
        "react": "^19.0.0",
        "react-dom": "^19.0.0",
        "typescript": "^5.8.0"
      },
      "peerDependencies": {
        "@molcrafts/molrs": ">=0.9.0",
        "@molcrafts/molvis-core": ">=0.1.0",
        "react": "^19.0.0",
        "react-dom": "^19.0.0"
      },
      "peerDependenciesMeta": {
        "@molcrafts/molrs": {
          "optional": false
        }
      }
    },
    "node_modules/@babylonjs/core": {
      "version": "9.18.1",
      "resolved": "https://registry.npmjs.org/@babylonjs/core/-/core-9.18.1.tgz",
      "integrity": "sha512-i0vnC6twHXhg2CmD+PSboRLUcTO4kxhrYvT1mY90zEqezM06QyL2Stix2u1YJ0y607fYdIl5XJuyfmPdbJfZSw==",
      "dev": true,
      "license": "Apache-2.0"
    },
    "node_modules/@babylonjs/gui": {
      "version": "9.18.1",
      "resolved": "https://registry.npmjs.org/@babylonjs/gui/-/gui-9.18.1.tgz",
      "integrity": "sha512-a8uQtRewWpoFrzsxBTebdtHN761iidc1v8RuFnhQxBtWwd/2ZqsORox311e8WxzDGNI8OpjH6AXEXftUYDejiA==",
      "dev": true,
      "license": "Apache-2.0",
      "peerDependencies": {
        "@babylonjs/core": "^9.0.0"
      }
    },
    "node_modules/@babylonjs/materials": {
      "version": "9.18.1",
      "resolved": "https://registry.npmjs.org/@babylonjs/materials/-/materials-9.18.1.tgz",
      "integrity": "sha512-xi0a1wYB9Nbxpw3JabNW8FkV7cSZTrr1b0hsw3uEmmR6PUDIwJAMwxEac2lqm0ENkfjLmCiodM0H96LogEbYhw==",
      "dev": true,
      "license": "Apache-2.0",
      "peerDependencies": {
        "@babylonjs/core": "^9.0.0"
      }
    },
    "node_modules/@babylonjs/serializers": {
      "version": "9.18.1",
      "resolved": "https://registry.npmjs.org/@babylonjs/serializers/-/serializers-9.18.1.tgz",
      "integrity": "sha512-Wwcdmqk8eU6ddK9pU1afYTrfbZxXHJptU1NLuD92ip7KF7vnTusADa9mUioyOwXg2w8tKb9c2tMV6gJAzEWEbg==",
      "dev": true,
      "license": "Apache-2.0",
      "peerDependencies": {
        "@babylonjs/core": "^9.0.0",
        "babylonjs-gltf2interface": "^9.0.0"
      }
    },
    "node_modules/@emnapi/core": {
      "version": "1.11.2",
      "resolved": "https://registry.npmjs.org/@emnapi/core/-/core-1.11.2.tgz",
      "integrity": "sha512-TC8MkTuZUtcTSiFeuC0ksCh9QIJ5+F21MvZ4Wn4ORfYaFJ/0dsiudv5tVkejgwZlwQ39jL9WWDe2lz8x0WglOA==",
      "dev": true,
      "license": "MIT",
      "optional": true,
      "dependencies": {
        "@emnapi/wasi-threads": "1.2.2",
        "tslib": "^2.4.0"
      }
    },
    "node_modules/@emnapi/runtime": {
      "version": "1.11.2",
      "resolved": "https://registry.npmjs.org/@emnapi/runtime/-/runtime-1.11.2.tgz",
      "integrity": "sha512-kyOl3X0DuTiT1h2ft8r2fYO8JYtU9a9Xis/zBSiGArNaagCOWx90N1k2wxp18czFDH+OgcWGb5ZP/XMt3dcyPA==",
      "dev": true,
      "license": "MIT",
      "optional": true,
      "dependencies": {
        "tslib": "^2.4.0"
      }
    },
    "node_modules/@emnapi/wasi-threads": {
      "version": "1.2.2",
      "resolved": "https://registry.npmjs.org/@emnapi/wasi-threads/-/wasi-threads-1.2.2.tgz",
      "integrity": "sha512-c95qOXkHdydNKhscBTebqEC1CVAZpyqOfVfBzQ1qgzyl3gfeldUjIggDbIZgDKsHLgnsM+igH7TJ/eAasaVuMA==",
      "dev": true,
      "license": "MIT",
      "optional": true,
      "dependencies": {
        "tslib": "^2.4.0"
      }
    },
    "node_modules/@molcrafts/molrs": {
      "version": "0.9.3",
      "resolved": "https://registry.npmjs.org/@molcrafts/molrs/-/molrs-0.9.3.tgz",
      "integrity": "sha512-Nnnjdc8INwsthUacaljSSF5ZDh7XlYbL79/53s+Dhceghe/iLzxQlZnlUA6rO8vsXColorEn4LmLwFrPSwiZpg==",
      "dev": true,
      "license": "BSD-3-Clause"
    },
    "node_modules/@molcrafts/molvis-core": {
      "version": "0.1.1",
      "resolved": "https://registry.npmjs.org/@molcrafts/molvis-core/-/molvis-core-0.1.1.tgz",
      "integrity": "sha512-Kidh/WfL8I31ujoYHqtXnHhMpiETL6idRGqwBRJ8FsG6vNknYjoPi8b6uaqUqYUeLHGcvAUiOg4Qa52fY7ophg==",
      "dev": true,
      "license": "BSD-3-Clause",
      "dependencies": {
        "@babylonjs/core": "^9.10.1",
        "@babylonjs/gui": "^9.10.1",
        "@babylonjs/materials": "^9.10.1",
        "@babylonjs/serializers": "^9.10.1",
        "@molcrafts/molrs": "0.9.0",
        "tslog": "^4.10.2"
      }
    },
    "node_modules/@molcrafts/molvis-core/node_modules/@molcrafts/molrs": {
      "version": "0.9.0",
      "resolved": "https://registry.npmjs.org/@molcrafts/molrs/-/molrs-0.9.0.tgz",
      "integrity": "sha512-chtJYspiegDH1bPWWRKeC91JtWDFvfshuRwb25OVsU0WMMGoxg8kakklcpra0ZcaNUshgthNLOj7eM2mQL/hxg==",
      "dev": true,
      "license": "BSD-3-Clause"
    },
    "node_modules/@napi-rs/wasm-runtime": {
      "version": "1.1.6",
      "resolved": "https://registry.npmjs.org/@napi-rs/wasm-runtime/-/wasm-runtime-1.1.6.tgz",
      "integrity": "sha512-ZLv/JdUfkvOy9eCnnBaGfiO+XimbjebAeO+MRQqD/B+FR1tnRN0tpKSJHRbE8sFfS6aqsXZ67TQjfwfsxULVbg==",
      "dev": true,
      "license": "MIT",
      "optional": true,
      "dependencies": {
        "@tybys/wasm-util": "^0.10.3"
      },
      "funding": {
        "type": "github",
        "url": "https://github.com/sponsors/Brooooooklyn"
      },
      "peerDependencies": {
        "@emnapi/core": "^1.7.1",
        "@emnapi/runtime": "^1.7.1"
      }
    },
    "node_modules/@rsbuild/core": {
      "version": "2.1.9",
      "resolved": "https://registry.npmjs.org/@rsbuild/core/-/core-2.1.9.tgz",
      "integrity": "sha512-yqf1hFZ3wbMYI431LqsxLH3r0VZkfyarVKTf7kMeIiGe0YLwsrgsfp+sKpIyVkQkq60J0qyp6l/CoqqsQZqEwQ==",
      "dev": true,
      "license": "MIT",
      "dependencies": {
        "@rspack/core": "~2.1.7",
        "@swc/helpers": "^0.5.23"
      },
      "bin": {
        "rsbuild": "bin/rsbuild.js"
      },
      "engines": {
        "node": "^20.19.0 || >=22.12.0"
      },
      "peerDependencies": {
        "core-js": ">= 3.0.0"
      },
      "peerDependenciesMeta": {
        "core-js": {
          "optional": true
        }
      }
    },
    "node_modules/@rspack/binding": {
      "version": "2.1.7",
      "resolved": "https://registry.npmjs.org/@rspack/binding/-/binding-2.1.7.tgz",
      "integrity": "sha512-wYqi8TY30hsIzLry503o/Uqu7y9Ec7pEwN5TVmB7Pb3xHrR2eHsQPzdpF/GkCLUjQSgD2Es3CDVV1mr6zO/78g==",
      "dev": true,
      "license": "MIT",
      "optionalDependencies": {
        "@rspack/binding-darwin-arm64": "2.1.7",
        "@rspack/binding-darwin-x64": "2.1.7",
        "@rspack/binding-linux-arm64-gnu": "2.1.7",
        "@rspack/binding-linux-arm64-musl": "2.1.7",
        "@rspack/binding-linux-riscv64-gnu": "2.1.7",
        "@rspack/binding-linux-riscv64-musl": "2.1.7",
        "@rspack/binding-linux-x64-gnu": "2.1.7",
        "@rspack/binding-linux-x64-musl": "2.1.7",
        "@rspack/binding-wasm32-wasi": "2.1.7",
        "@rspack/binding-win32-arm64-msvc": "2.1.7",
        "@rspack/binding-win32-ia32-msvc": "2.1.7",
        "@rspack/binding-win32-x64-msvc": "2.1.7"
      }
    },
    "node_modules/@rspack/binding-darwin-arm64": {
      "version": "2.1.7",
      "resolved": "https://registry.npmjs.org/@rspack/binding-darwin-arm64/-/binding-darwin-arm64-2.1.7.tgz",
      "integrity": "sha512-DwxzrXRctueP/3Pyom9JHcIsRShuEAlHb+mrE5OPT+4cdHI1UnJpbzEvEDLTo4IKJhDb3vjXdHLtjqtL0SYbeA==",
      "cpu": [
        "arm64"
      ],
      "dev": true,
      "license": "MIT",
      "optional": true,
      "os": [
        "darwin"
      ]
    },
    "node_modules/@rspack/binding-darwin-x64": {
      "version": "2.1.7",
      "resolved": "https://registry.npmjs.org/@rspack/binding-darwin-x64/-/binding-darwin-x64-2.1.7.tgz",
      "integrity": "sha512-kPbrYvR/XUHfAMgRVq3QnC71DW/qjwsPj+3hEUuEnRmlploPNy9u8Szf1IHKSVUSrVZBTgDyMoZQdxYLfhResw==",
      "cpu": [
        "x64"
      ],
      "dev": true,
      "license": "MIT",
      "optional": true,
      "os": [
        "darwin"
      ]
    },
    "node_modules/@rspack/binding-linux-arm64-gnu": {
      "version": "2.1.7",
      "resolved": "https://registry.npmjs.org/@rspack/binding-linux-arm64-gnu/-/binding-linux-arm64-gnu-2.1.7.tgz",
      "integrity": "sha512-VFB+YXM3kZ6IIuLV64H3vgnwqvQIIaqfR/aeGwuxYvwcZsrgblSBmXMeDULdgDjqP8Yr0VaFMBBiD9OtG5KdFw==",
      "cpu": [
        "arm64"
      ],
      "dev": true,
      "libc": [
        "glibc"
      ],
      "license": "MIT",
      "optional": true,
      "os": [
        "linux"
      ]
    },
    "node_modules/@rspack/binding-linux-arm64-musl": {
      "version": "2.1.7",
      "resolved": "https://registry.npmjs.org/@rspack/binding-linux-arm64-musl/-/binding-linux-arm64-musl-2.1.7.tgz",
      "integrity": "sha512-Mzbxyg0aJ+ITj526Iuz0enEDYY6WxhFIwEKXqwjQh+Vpd5v/+aPzPo83sSQVX/3puBV1sbmviTURbh6N9e1fvA==",
      "cpu": [
        "arm64"
      ],
      "dev": true,
      "libc": [
        "musl"
      ],
      "license": "MIT",
      "optional": true,
      "os": [
        "linux"
      ]
    },
    "node_modules/@rspack/binding-linux-riscv64-gnu": {
      "version": "2.1.7",
      "resolved": "https://registry.npmjs.org/@rspack/binding-linux-riscv64-gnu/-/binding-linux-riscv64-gnu-2.1.7.tgz",
      "integrity": "sha512-mpazwgT/Pse1720mvEJsoXfPkJ+enj0xUqpbe/wL6aedwjGT+9jJNB8HTJXE4XBX0UO7umGqcJMeKA6YsD2CDA==",
      "cpu": [
        "riscv64"
      ],
      "dev": true,
      "libc": [
        "glibc"
      ],
      "license": "MIT",
      "optional": true,
      "os": [
        "linux"
      ]
    },
    "node_modules/@rspack/binding-linux-riscv64-musl": {
      "version": "2.1.7",
      "resolved": "https://registry.npmjs.org/@rspack/binding-linux-riscv64-musl/-/binding-linux-riscv64-musl-2.1.7.tgz",
      "integrity": "sha512-oU/l3soPRsDEWn7KZic+npyTMM2N1kRdHjoJ+L5IUBXs8bjdTXPLoyTbTdIOza5ZSoT4+UeEiEryj4BB0tQE5w==",
      "cpu": [
        "riscv64"
      ],
      "dev": true,
      "libc": [
        "musl"
      ],
      "license": "MIT",
      "optional": true,
      "os": [
        "linux"
      ]
    },
    "node_modules/@rspack/binding-linux-x64-gnu": {
      "version": "2.1.7",
      "resolved": "https://registry.npmjs.org/@rspack/binding-linux-x64-gnu/-/binding-linux-x64-gnu-2.1.7.tgz",
      "integrity": "sha512-7Gtpl3h3jtnOpk1mYQE8mRndXAO2ibI8mnAbs7klevdKey+ZHneWMoMi2yOMQhhI/ifWEFxDzyGJ8bdxo0XTsA==",
      "cpu": [
        "x64"
      ],
      "dev": true,
      "libc": [
        "glibc"
      ],
      "license": "MIT",
      "optional": true,
      "os": [
        "linux"
      ]
    },
    "node_modules/@rspack/binding-linux-x64-musl": {
      "version": "2.1.7",
      "resolved": "https://registry.npmjs.org/@rspack/binding-linux-x64-musl/-/binding-linux-x64-musl-2.1.7.tgz",
      "integrity": "sha512-w+whI2Uy+DYkGN+MVkzMFWweL7B/s1gMqX+nvTE1vhOy3hGV0VyA9H6lqWjSD3I+eGkpYhN9Pr244cYnLpZOUQ==",
      "cpu": [
        "x64"
      ],
      "dev": true,
      "libc": [
        "musl"
      ],
      "license": "MIT",
      "optional": true,
      "os": [
        "linux"
      ]
    },
    "node_modules/@rspack/binding-wasm32-wasi": {
      "version": "2.1.7",
      "resolved": "https://registry.npmjs.org/@rspack/binding-wasm32-wasi/-/binding-wasm32-wasi-2.1.7.tgz",
      "integrity": "sha512-cDVgvzRdTgxaeM+a5Lx0+7/VAvunvwO0wNtQ3ATQGOtFCW5b7cUzhNPcytH5ZSJTnFWuxinlGwtar5yfcnkdZQ==",
      "cpu": [
        "wasm32"
      ],
      "dev": true,
      "license": "MIT",
      "optional": true,
      "dependencies": {
        "@emnapi/core": "1.11.2",
        "@emnapi/runtime": "1.11.2",
        "@napi-rs/wasm-runtime": "1.1.6"
      }
    },
    "node_modules/@rspack/binding-win32-arm64-msvc": {
      "version": "2.1.7",
      "resolved": "https://registry.npmjs.org/@rspack/binding-win32-arm64-msvc/-/binding-win32-arm64-msvc-2.1.7.tgz",
      "integrity": "sha512-JDd85+iYwUvaG9Zrt5X7oIxRZRiTW+76FwkRakoXNy/5VAWQW32Jq4ESjSVz6l6mh0KnZxPq3TLMugacCPnLjw==",
      "cpu": [
        "arm64"
      ],
      "dev": true,
      "license": "MIT",
      "optional": true,
      "os": [
        "win32"
      ]
    },
    "node_modules/@rspack/binding-win32-ia32-msvc": {
      "version": "2.1.7",
      "resolved": "https://registry.npmjs.org/@rspack/binding-win32-ia32-msvc/-/binding-win32-ia32-msvc-2.1.7.tgz",
      "integrity": "sha512-y9PKEs6v9BLHV0i/4eaIRtxpATvSgcf/VYQkMT8mp+qWlPjUwDQNwU2ueWVGpff6INO+YAa7zobzziNFRgO7Lg==",
      "cpu": [
        "ia32"
      ],
      "dev": true,
      "license": "MIT",
      "optional": true,
      "os": [
        "win32"
      ]
    },
    "node_modules/@rspack/binding-win32-x64-msvc": {
      "version": "2.1.7",
      "resolved": "https://registry.npmjs.org/@rspack/binding-win32-x64-msvc/-/binding-win32-x64-msvc-2.1.7.tgz",
      "integrity": "sha512-BjkOzcPY/K8YlRRvyywz0mDWk89MMxqAMhDmgBXCWorh1IjgKTsWDJ2lCGIM8M9CZXUG3khom8AfrOGwRT2I+g==",
      "cpu": [
        "x64"
      ],
      "dev": true,
      "license": "MIT",
      "optional": true,
      "os": [
        "win32"
      ]
    },
    "node_modules/@rspack/core": {
      "version": "2.1.7",
      "resolved": "https://registry.npmjs.org/@rspack/core/-/core-2.1.7.tgz",
      "integrity": "sha512-d5Ju3zXzGgbqQWvlMlLUtek2eFPIzsFe2QOF4nwTAknxo/4OZ64t+kPT9nM6fr3aZX93VK0R3v02/kZYIRrV9Q==",
      "dev": true,
      "license": "MIT",
      "dependencies": {
        "@rspack/binding": "2.1.7"
      },
      "engines": {
        "node": "^20.19.0 || >=22.12.0"
      },
      "peerDependencies": {
        "@module-federation/runtime-tools": "^0.24.1 || ^2.0.0",
        "@swc/helpers": "^0.5.23"
      },
      "peerDependenciesMeta": {
        "@module-federation/runtime-tools": {
          "optional": true
        },
        "@swc/helpers": {
          "optional": true
        }
      }
    },
    "node_modules/@swc/helpers": {
      "version": "0.5.23",
      "resolved": "https://registry.npmjs.org/@swc/helpers/-/helpers-0.5.23.tgz",
      "integrity": "sha512-5lSsMOTXURePglDfvuAQUqkGek9Hg2kksOYay2m0+XR++b2NWYL/4sWyuvVBIs8oKnJaxkdi9whaL/sqN13afw==",
      "dev": true,
      "license": "Apache-2.0",
      "dependencies": {
        "tslib": "^2.8.0"
      }
    },
    "node_modules/@tybys/wasm-util": {
      "version": "0.10.3",
      "resolved": "https://registry.npmjs.org/@tybys/wasm-util/-/wasm-util-0.10.3.tgz",
      "integrity": "sha512-F3fo1MYrRJYL3zER0OUOmkutjr1Vp23m7OsSgp7nq4SP6OqX6C/56XFIPAl5bt3zaBRjmW7SGz3u/6LwFpYcOg==",
      "dev": true,
      "license": "MIT",
      "optional": true,
      "dependencies": {
        "tslib": "^2.4.0"
      }
    },
    "node_modules/@types/react": {
      "version": "19.2.17",
      "resolved": "https://registry.npmjs.org/@types/react/-/react-19.2.17.tgz",
      "integrity": "sha512-MXfmqaVPEVgkBT/aY0aGCkRWWtByiYQXo3xdQ8r5RzuFrPiRn8Gar2tQdXSUQ2GKV3bkXckek89V8wQBY2Q/Aw==",
      "dev": true,
      "license": "MIT",
      "dependencies": {
        "csstype": "^3.2.2"
      }
    },
    "node_modules/@types/react-dom": {
      "version": "19.2.3",
      "resolved": "https://registry.npmjs.org/@types/react-dom/-/react-dom-19.2.3.tgz",
      "integrity": "sha512-jp2L/eY6fn+KgVVQAOqYItbF0VY/YApe5Mz2F0aykSO8gx31bYCZyvSeYxCHKvzHG5eZjc+zyaS5BrBWya2+kQ==",
      "dev": true,
      "license": "MIT",
      "peerDependencies": {
        "@types/react": "^19.2.0"
      }
    },
    "node_modules/babylonjs-gltf2interface": {
      "version": "9.18.1",
      "resolved": "https://registry.npmjs.org/babylonjs-gltf2interface/-/babylonjs-gltf2interface-9.18.1.tgz",
      "integrity": "sha512-I+CQXIZ4BkRAGl4MHkkwUnAk0Gx+SVEBeKEj6nw6RhnujDVK9pe8lHmPUurccwq2spdmiOvXs7L9v6yHuhWEFg==",
      "dev": true,
      "license": "Apache-2.0",
      "peer": true
    },
    "node_modules/csstype": {
      "version": "3.2.3",
      "resolved": "https://registry.npmjs.org/csstype/-/csstype-3.2.3.tgz",
      "integrity": "sha512-z1HGKcYy2xA8AGQfwrn0PAy+PB7X/GSj3UVJW9qKyn43xWa+gl5nXmU4qqLMRzWVLFC8KusUX8T/0kCiOYpAIQ==",
      "dev": true,
      "license": "MIT"
    },
    "node_modules/react": {
      "version": "19.2.8",
      "resolved": "https://registry.npmjs.org/react/-/react-19.2.8.tgz",
      "integrity": "sha512-PWaYA1L/q9u2u7xYQi+Y3L3Yfnie7XyLeaJICV1MGD6LprsBxcAqGjYyr0eY3p+QdsA+x/Irkt4Qif8D63+Sbw==",
      "dev": true,
      "license": "MIT",
      "engines": {
        "node": ">=0.10.0"
      }
    },
    "node_modules/react-dom": {
      "version": "19.2.8",
      "resolved": "https://registry.npmjs.org/react-dom/-/react-dom-19.2.8.tgz",
      "integrity": "sha512-rVprimfGBG3DR+Tq0IQG2DT5PxKth1WIGDmj5yPmlzr4YBe7uyE+Du4oVqTDXZSHGGGXRtTJEGSSePyQCMBglQ==",
      "dev": true,
      "license": "MIT",
      "dependencies": {
        "scheduler": "^0.27.0"
      },
      "peerDependencies": {
        "react": "^19.2.8"
      }
    },
    "node_modules/scheduler": {
      "version": "0.27.0",
      "resolved": "https://registry.npmjs.org/scheduler/-/scheduler-0.27.0.tgz",
      "integrity": "sha512-eNv+WrVbKu1f3vbYJT/xtiF5syA5HPIMtf9IgY/nKg0sWqzAUEvqY/xm7OcZc/qafLx/iO9FgOmeSAp4v5ti/Q==",
      "dev": true,
      "license": "MIT"
    },
    "node_modules/tslib": {
      "version": "2.8.1",
      "resolved": "https://registry.npmjs.org/tslib/-/tslib-2.8.1.tgz",
      "integrity": "sha512-oJFu94HQb+KVduSUQL7wnpmqnfmLsOA/nAh6b6EH0wCEoK0/mPeXU6c3wKDV83MkOuHPRHtSXKKU99IBazS/2w==",
      "dev": true,
      "license": "0BSD"
    },
    "node_modules/tslog": {
      "version": "4.11.0",
      "resolved": "https://registry.npmjs.org/tslog/-/tslog-4.11.0.tgz",
      "integrity": "sha512-gBe0FTKkRpOv3DenGipjQWQe073jNd1cOLj3nYfVM0/NP29sQzAIx6kfyfTTsQOiWMC+B+tSr289lNXtu7HCmQ==",
      "dev": true,
      "license": "MIT",
      "engines": {
        "node": ">=16"
      },
      "funding": {
        "url": "https://github.com/fullstack-build/tslog?sponsor=1"
      }
    },
    "node_modules/typescript": {
      "version": "5.9.3",
      "resolved": "https://registry.npmjs.org/typescript/-/typescript-5.9.3.tgz",
      "integrity": "sha512-jl1vZzPDinLr9eUt3J/t7V6FgNEw9QjvBPdysz9KfQDD41fQrC2Y4vKQdiaUpFT4bXlb1RHhLpp8wtm6M5TgSw==",
      "dev": true,
      "license": "Apache-2.0",
      "bin": {
        "tsc": "bin/tsc",
        "tsserver": "bin/tsserver"
      },
      "engines": {
        "node": ">=14.17"
      }
    }
  }
}
